
Microsoft Visual Studio Solution File, Format Version 12.00
# Visual Studio Version 17
VisualStudioVersion = 17.3.32825.248
MinimumVisualStudioVersion = 10.0.40219.1
Project("{FAE04EC0-301F-11D3-BF4B-00C04F79EFBC}") = "chapter 4", "chapter 4\chapter 4.csproj", "{BA8BBA46-C9C3-43C2-AD4F-4A0FD7D64BB4}"
EndProject
Global
	GlobalSection(SolutionConfigurationPlatforms) = preSolution
		Debug|Any CPU = Debug|Any CPU
		Release|Any CPU = Release|Any CPU
	EndGlobalSection
	GlobalSection(ProjectConfigurationPlatforms) = postSolution
		{BA8BBA46-C9C3-43C2-AD4F-4A0FD7D64BB4}.Debug|Any CPU.ActiveCfg = Debug|Any CPU
		{BA8BBA46-C9C3-43C2-AD4F-4A0FD7D64BB4}.Debug|Any CPU.Build.0 = Debug|Any CPU
		{BA8BBA46-C9C3-43C2-AD4F-4A0FD7D64BB4}.Release|Any CPU.ActiveCfg = Release|Any CPU
		{BA8BBA46-C9C3-43C2-AD4F-4A0FD7D64BB4}.Release|Any CPU.Build.0 = Release|Any CPU
	EndGlobalSection
	GlobalSection(SolutionProperties) = preSolution
		HideSolutionNode = FALSE
	EndGlobalSection
	GlobalSection(ExtensibilityGlobals) = postSolution
		SolutionGuid = {2DFE1F88-B7BB-4440-BBB0-EE2492314B19}
	EndGlobalSection
EndGlobal
